# This file is autogenerated, do not edit; changes may be undone by the next 'dep ensure'.


[[projects]]
  branch = "master"
  digest = "1:f3d644e4f9c0f3c3a23c0556df749b111bea11cf9f083f975659d8206535d06f"
  name = "github.com/Shopify/goreferrer"
  packages = ["."]
  pruneopts = "UT"
  revision = "ec9c9a553398739f0dcf817e0ad5e01c4e7dcd08"

[[projects]]
  branch = "master"
  digest = "1:454adc7f974228ff789428b6dc098638c57a64aa0718f0bd61e53d3cd39d7a75"
  name = "github.com/chzyer/readline"
  packages = ["."]
  pruneopts = "UT"
  revision = "2972be24d48e78746da79ba8e24e8b488c9880de"

[[projects]]
  digest = "1:ffe9824d294da03b391f44e1ae8281281b4afc1bdaa9588c9097785e3af10cec"
  name = "github.com/davecgh/go-spew"
  packages = ["spew"]
  pruneopts = "UT"
  revision = "8991bc29aa16c548c550c7ff78260e27b9ab7c73"
  version = "v1.1.1"

[[projects]]
  digest = "1:e47d51dab652d26c3fba6f8cba403f922d02757a82abdc77e90df7948daf296e"
  name = "github.com/deckarep/golang-set"
  packages = ["."]
  pruneopts = "UT"
  revision = "cbaa98ba5575e67703b32b4b19f73c91f3c4159e"
  version = "v1.7.1"

[[projects]]
  digest = "1:af43bdaaf86655a2343f113e9b293bbc16b12099eaeb223982bbe4d4c22ba14d"
  name = "github.com/fatih/structs"
  packages = ["."]
  pruneopts = "UT"
  revision = "4966fc68f5b7593aafa6cbbba2d65ec6e1416047"
  version = "v1.1.0"

[[projects]]
  digest = "1:abeb38ade3f32a92943e5be54f55ed6d6e3b6602761d74b4aab4c9dd45c18abd"
  name = "github.com/fsnotify/fsnotify"
  packages = ["."]
  pruneopts = "UT"
  revision = "c2828203cd70a50dcccfb2761f8b1f8ceef9a8e9"
  version = "v1.4.7"

[[projects]]
  digest = "1:c0d19ab64b32ce9fe5cf4ddceba78d5bc9807f0016db6b1183599da3dcc24d10"
  name = "github.com/hashicorp/hcl"
  packages = [
    ".",
    "hcl/ast",
    "hcl/parser",
    "hcl/printer",
    "hcl/scanner",
    "hcl/strconv",
    "hcl/token",
    "json/parser",
    "json/scanner",
    "json/token",
  ]
  pruneopts = "UT"
  revision = "8cb6e5b959231cc1119e43259c4a608f9c51a241"
  version = "v1.0.0"

[[projects]]
  digest = "1:870d441fe217b8e689d7949fef6e43efbc787e50f200cb1e70dbca9204a1d6be"
  name = "github.com/inconshreveable/mousetrap"
  packages = ["."]
  pruneopts = "UT"
  revision = "76626ae9c91c4f2a10f34cad8ce83ea42c93bb75"
  version = "v1.0"

[[projects]]
  branch = "master"
  digest = "1:8a2a940fd81980cd5394dbb60a8f9ab49b5d8195e52cddec562b9a40eab394f0"
  name = "github.com/iris-contrib/blackfriday"
  packages = ["."]
  pruneopts = "UT"
  revision = "48b3da6a6f3865c7eb1eba96d74cf0a16f63faca"

[[projects]]
  branch = "master"
  digest = "1:be0e14e780a05a33d034ff3a33c385a383a028c84df710a95ec402062df025c3"
  name = "github.com/iris-contrib/formBinder"
  packages = ["."]
  pruneopts = "UT"
  revision = "ad9fb86c356f971f30319c40ddbdcf72129a2791"

[[projects]]
  branch = "v2"
  digest = "1:ff6b0586c0621a76832cf783eee58cbb9d9795d2ce8acbc199a4131db11c42a9"
  name = "github.com/iris-contrib/go.uuid"
  packages = ["."]
  pruneopts = "UT"
  revision = "36e9d2ebbde5e3f13ab2e25625fd453271d6522e"

[[projects]]
  branch = "master"
  digest = "1:68e630b976378fa76e494b826d651267f48aa1d61b1fa4cff360b9f37e9f8b03"
  name = "github.com/json-iterator/go"
  packages = ["."]
  pruneopts = "UT"
  revision = "d05f387f50c0c406889b62cb5ec51c76a64d89ee"

[[projects]]
  branch = "master"
  digest = "1:e51f40f0c19b39c1825eadd07d5c0a98a2ad5942b166d9fc4f54750ce9a04810"
  name = "github.com/juju/ansiterm"
  packages = [
    ".",
    "tabwriter",
  ]
  pruneopts = "UT"
  revision = "720a0952cc2ac777afc295d9861263e2a4cf96a1"

[[projects]]
  branch = "master"
  digest = "1:f17dfd7df684b802076e8b0b316f27788763f647f8dbee368c98b2cb933d8657"
  name = "github.com/kataras/golog"
  packages = ["."]
  pruneopts = "UT"
  revision = "03be101463868edc5a81f094fc68a5f6c1b5503a"

[[projects]]
  digest = "1:93eeb043f17736c5e821b11f24d2aa1282b6f554f54505c69111d2f081caec8d"
  name = "github.com/kataras/iris"
  packages = [
    "context",
    "core/errors",
    "core/memstore",
    "core/router/macro",
    "core/router/macro/interpreter/ast",
    "core/router/macro/interpreter/lexer",
    "core/router/macro/interpreter/parser",
    "core/router/macro/interpreter/token",
    "middleware/logger",
  ]
  pruneopts = "UT"
  revision = "39b8b1eb00eae9914addee3dee3612ffa785817f"
  version = "v10.7.1"

[[projects]]
  branch = "master"
  digest = "1:12dd62070fab270c309a993d1b3d2c09c78313ae7cd11be06eb36f80b41b0aef"
  name = "github.com/kataras/pio"
  packages = [
    ".",
    "terminal",
  ]
  pruneopts = "UT"
  revision = "a9733b5b6b83d32b479aacd51d26ef6018261963"

[[projects]]
  digest = "1:86de9e2843223d09dd84522f466368b33b5c8541e0d3075d4a28e5a80dd14f5c"
  name = "github.com/klauspost/compress"
  packages = [
    "flate",
    "gzip",
  ]
  pruneopts = "UT"
  revision = "30be6041bed523c18e269a700ebd9c2ea9328574"
  version = "v1.4.1"

[[projects]]
  digest = "1:2d643962fac133904694fffa959bc3c5dcfdcee38c6f5ffdd99a3c93eb9c835c"
  name = "github.com/klauspost/cpuid"
  packages = ["."]
  pruneopts = "UT"
  revision = "e7e905edc00ea8827e58662220139109efea09db"
  version = "v1.2.0"

[[projects]]
  branch = "master"
  digest = "1:bb08c7bb1c7224636b1a00639f079ed4391eb822945f26db74b8d8ee3f14d991"
  name = "github.com/lunixbochs/vtclean"
  packages = ["."]
  pruneopts = "UT"
  revision = "2d01aacdc34a083dca635ba869909f5fc0cd4f41"

[[projects]]
  digest = "1:c568d7727aa262c32bdf8a3f7db83614f7af0ed661474b24588de635c20024c7"
  name = "github.com/magiconair/properties"
  packages = ["."]
  pruneopts = "UT"
  revision = "c2353362d570a7bfa228149c62842019201cfb71"
  version = "v1.8.0"

[[projects]]
  digest = "1:2d2bc0f23cca6b59cec3fbece9abc102bdb19f548dd58d7667e57699074a2c76"
  name = "github.com/manifoldco/promptui"
  packages = [
    ".",
    "list",
    "screenbuf",
  ]
  pruneopts = "UT"
  revision = "157c96fb638a14d268b305cf2012582431fcc410"
  version = "v0.3.1"

[[projects]]
  digest = "1:c658e84ad3916da105a761660dcaeb01e63416c8ec7bc62256a9b411a05fcd67"
  name = "github.com/mattn/go-colorable"
  packages = ["."]
  pruneopts = "UT"
  revision = "167de6bfdfba052fa6b2d3664c8f5272e23c9072"
  version = "v0.0.9"

[[projects]]
  digest = "1:0981502f9816113c9c8c4ac301583841855c8cf4da8c72f696b3ebedf6d0e4e5"
  name = "github.com/mattn/go-isatty"
  packages = ["."]
  pruneopts = "UT"
  revision = "6ca4dbf54d38eea1a992b3c722a76a5d1c4cb25c"
  version = "v0.0.4"

[[projects]]
  branch = "master"
  digest = "1:1fc201f179a7d45f944655de3cdbfb0a8a226fd525569454e31ca87f9e4bb677"
  name = "github.com/microcosm-cc/bluemonday"
  packages = ["."]
  pruneopts = "UT"
  revision = "82c7118e8ccf7403d4860175d97bb635e8e28239"

[[projects]]
  digest = "1:53bc4cd4914cd7cd52139990d5170d6dc99067ae31c56530621b18b35fc30318"
  name = "github.com/mitchellh/mapstructure"
  packages = ["."]
  pruneopts = "UT"
  revision = "3536a929edddb9a5b34bd6861dc4a9647cb459fe"
  version = "v1.1.2"

[[projects]]
  digest = "1:33422d238f147d247752996a26574ac48dcf472976eda7f5134015f06bf16563"
  name = "github.com/modern-go/concurrent"
  packages = ["."]
  pruneopts = "UT"
  revision = "bacd9c7ef1dd9b15be4a9909b8ac7a4e313eec94"
  version = "1.0.3"

[[projects]]
  digest = "1:e32bdbdb7c377a07a9a46378290059822efdce5c8d96fe71940d87cb4f918855"
  name = "github.com/modern-go/reflect2"
  packages = ["."]
  pruneopts = "UT"
  revision = "4b7aa43c6742a2c18fdef89dd197aaae7dac7ccd"
  version = "1.0.1"

[[projects]]
  digest = "1:95741de3af260a92cc5c7f3f3061e85273f5a81b5db20d4bd68da74bd521675e"
  name = "github.com/pelletier/go-toml"
  packages = ["."]
  pruneopts = "UT"
  revision = "c01d1270ff3e442a8a57cddc1c92dc1138598194"
  version = "v1.2.0"

[[projects]]
  digest = "1:0028cb19b2e4c3112225cd871870f2d9cf49b9b4276531f03438a88e94be86fe"
  name = "github.com/pmezard/go-difflib"
  packages = ["difflib"]
  pruneopts = "UT"
  revision = "792786c7400a136282c1664665ae0a8db921c6c2"
  version = "v1.0.0"

[[projects]]
  branch = "master"
  digest = "1:0cdbe7b717bdc81f143bbdd516c3639828c5e1cd158e4140ca100d657fc26550"
  name = "github.com/ryanuber/columnize"
  packages = ["."]
  pruneopts = "UT"
  revision = "abc90934186a77966e2beeac62ed966aac0561d5"

[[projects]]
  branch = "master"
  digest = "1:def689e73e9252f6f7fe66834a76751a41b767e03daab299e607e7226c58a855"
  name = "github.com/shurcooL/sanitized_anchor_name"
  packages = ["."]
  pruneopts = "UT"
  revision = "86672fcb3f950f35f2e675df2240550f2a50762f"

[[projects]]
  digest = "1:6a4a11ba764a56d2758899ec6f3848d24698d48442ebce85ee7a3f63284526cd"
  name = "github.com/spf13/afero"
  packages = [
    ".",
    "mem",
  ]
  pruneopts = "UT"
  revision = "d40851caa0d747393da1ffb28f7f9d8b4eeffebd"
  version = "v1.1.2"

[[projects]]
  digest = "1:08d65904057412fc0270fc4812a1c90c594186819243160dc779a402d4b6d0bc"
  name = "github.com/spf13/cast"
  packages = ["."]
  pruneopts = "UT"
  revision = "8c9545af88b134710ab1cd196795e7f2388358d7"
  version = "v1.3.0"

[[projects]]
  digest = "1:645cabccbb4fa8aab25a956cbcbdf6a6845ca736b2c64e197ca7cbb9d210b939"
  name = "github.com/spf13/cobra"
  packages = ["."]
  pruneopts = "UT"
  revision = "ef82de70bb3f60c65fb8eebacbb2d122ef517385"
  version = "v0.0.3"

[[projects]]
  digest = "1:68ea4e23713989dc20b1bded5d9da2c5f9be14ff9885beef481848edd18c26cb"
  name = "github.com/spf13/jwalterweatherman"
  packages = ["."]
  pruneopts = "UT"
  revision = "4a4406e478ca629068e7768fc33f3f044173c0a6"
  version = "v1.0.0"

[[projects]]
  digest = "1:c1b1102241e7f645bc8e0c22ae352e8f0dc6484b6cb4d132fa9f24174e0119e2"
  name = "github.com/spf13/pflag"
  packages = ["."]
  pruneopts = "UT"
  revision = "298182f68c66c05229eb03ac171abe6e309ee79a"
  version = "v1.0.3"

[[projects]]
  digest = "1:18752d0b95816a1b777505a97f71c7467a8445b8ffb55631a7bf779f6ba4fa83"
  name = "github.com/stretchr/testify"
  packages = ["assert"]
  pruneopts = "UT"
  revision = "f35b8ab0b5a2cef36673838d662e249dd9c94686"
  version = "v1.2.2"

[[projects]]
  branch = "master"
  digest = "1:c054f06f4d9c70e11b956a72a1172caeca3167bd37a6301547bc6d1c63479a84"
  name = "golang.org/x/net"
  packages = [
    "html",
    "html/atom",
    "idna",
    "publicsuffix",
  ]
  pruneopts = "UT"
  revision = "351d144fa1fc0bd934e2408202be0c29f25e35a0"

[[projects]]
  branch = "master"
  digest = "1:8775d8a768d9e65e8b659172804aac5db1fc8d563ba766470a6c2698c57c61a7"
  name = "golang.org/x/sys"
  packages = ["unix"]
  pruneopts = "UT"
  revision = "4ed8d59d0b35e1e29334a206d1b3f38b1e5dfb31"

[[projects]]
  digest = "1:a2ab62866c75542dd18d2b069fec854577a20211d7c0ea6ae746072a1dccdd18"
  name = "golang.org/x/text"
  packages = [
    "collate",
    "collate/build",
    "internal/colltab",
    "internal/gen",
    "internal/tag",
    "internal/triegen",
    "internal/ucd",
    "language",
    "secure/bidirule",
    "transform",
    "unicode/bidi",
    "unicode/cldr",
    "unicode/norm",
    "unicode/rangetable",
  ]
  pruneopts = "UT"
  revision = "f21a4dfb5e38f5895301dc265a8def02365cc3d0"
  version = "v0.3.0"

[[projects]]
  digest = "1:4d2e5a73dc1500038e504a8d78b986630e3626dc027bc030ba5c75da257cdb96"
  name = "gopkg.in/yaml.v2"
  packages = ["."]
  pruneopts = "UT"
  revision = "51d6538a90f86fe93ac480b35f37b2be17fef232"
  version = "v2.2.2"

[[projects]]
  digest = "1:a4bfb772bfa2c33948f3ed3cf841e62a3dbaab5103e568caef5f6ab8795c8472"
  name = "hidevops.io/hiboot"
  packages = [
    "pkg/app",
    "pkg/app/cli",
    "pkg/app/web/context",
    "pkg/at",
    "pkg/factory",
    "pkg/factory/autoconfigure",
    "pkg/factory/depends",
    "pkg/factory/instantiate",
    "pkg/inject",
    "pkg/log",
    "pkg/starter/logging",
    "pkg/system",
    "pkg/system/types",
    "pkg/utils/cmap",
    "pkg/utils/io",
    "pkg/utils/mapstruct",
    "pkg/utils/reflector",
    "pkg/utils/replacer",
    "pkg/utils/str",
  ]
  pruneopts = "UT"
  revision = "4222ad7c4524bbf047be68db6daf33b4b3d91ef0"
  version = "v0.11.1"

[[projects]]
  digest = "1:7a2b59ae200fa4db0b8753c2585f103fd9f3b2f34107913d5ffc35fdddd51779"
  name = "hidevops.io/viper"
  packages = ["."]
  pruneopts = "UT"
  revision = "86828cc12e0d5432e8440421083c6cf8f905470c"
  version = "v1.3.1"

[solve-meta]
  analyzer-name = "dep"
  analyzer-version = 1
  input-imports = [
    "github.com/manifoldco/promptui",
    "hidevops.io/hiboot/pkg/app/cli",
    "hidevops.io/hiboot/pkg/log",
    "hidevops.io/hiboot/pkg/starter/logging",
    "hidevops.io/hiboot/pkg/system",
    "hidevops.io/hiboot/pkg/utils/io",
  ]
  solver-name = "gps-cdcl"
  solver-version = 1
